PODS:
  - Mapbox-iOS-SDK (3.3.7)
  - SnapKit (3.1.2)

DEPENDENCIES:
  - Mapbox-iOS-SDK (~> 3.3.7)
  - SnapKit (~> 3.1.2)

SPEC CHECKSUMS:
  Mapbox-iOS-SDK: 142301fa63a6719cbd2eacc0f9e8bf36c65930d9
  SnapKit: 12b24f569cb7c143acc9c22b9d91b23e7b1c84a2

PODFILE CHECKSUM: 16e23212930d44a4b87652db37e4be4eee05477f

COCOAPODS: 1.1.1
