// !$*UTF8*$!
{
	archiveVersion = 1;
	classes = {
	};
	objectVersion = 46;
	objects = {

/* Begin PBXBuildFile section */
		1423798C1E18A9DD0073EABA /* AppDelegate.swift in Sources */ = {isa = PBXBuildFile; fileRef = 1423798B1E18A9DD0073EABA /* AppDelegate.swift */; };
		142379931E18A9DD0073EABA /* Main.storyboard in Resources */ = {isa = PBXBuildFile; fileRef = 142379911E18A9DD0073EABA /* Main.storyboard */; };
		142379951E18A9DD0073EABA /* Assets.xcassets in Resources */ = {isa = PBXBuildFile; fileRef = 142379941E18A9DD0073EABA /* Assets.xcassets */; };
		142379981E18A9DD0073EABA /* LaunchScreen.storyboard in Resources */ = {isa = PBXBuildFile; fileRef = 142379961E18A9DD0073EABA /* LaunchScreen.storyboard */; };
		14893C901E1D3AB3006001D3 /* MapboxViewController.swift in Sources */ = {isa = PBXBuildFile; fileRef = 14893C8E1E1D3AB3006001D3 /* MapboxViewController.swift */; };
		14B589BF1E1FD34800A0EF38 /* MapboxDirections.swift in Sources */ = {isa = PBXBuildFile; fileRef = 14B589BE1E1FD34800A0EF38 /* MapboxDirections.swift */; };
		4C2148851E1CC36700DCD68B /* MapKitViewController.swift in Sources */ = {isa = PBXBuildFile; fileRef = 4C2148841E1CC36700DCD68B /* MapKitViewController.swift */; };
		4C2148871E1CCE7C00DCD68B /* Constants.swift in Sources */ = {isa = PBXBuildFile; fileRef = 4C2148861E1CCE7C00DCD68B /* Constants.swift */; };
		65FB831858B6A68910224AA4 /* Pods_OSMX.framework in Frameworks */ = {isa = PBXBuildFile; fileRef = FA630DCAF813C554B8FD57A2 /* Pods_OSMX.framework */; };
/* End PBXBuildFile section */

/* Begin PBXFileReference section */
		142379881E18A9DD0073EABA /* OSMX.app */ = {isa = PBXFileReference; explicitFileType = wrapper.application; includeInIndex = 0; path = OSMX.app; sourceTree = BUILT_PRODUCTS_DIR; };
		1423798B1E18A9DD0073EABA /* AppDelegate.swift */ = {isa = PBXFileReference; lastKnownFileType = sourcecode.swift; path = AppDelegate.swift; sourceTree = "<group>"; };
		142379921E18A9DD0073EABA /* Base */ = {isa = PBXFileReference; lastKnownFileType = file.storyboard; name = Base; path = Base.lproj/Main.storyboard; sourceTree = "<group>"; };
		142379941E18A9DD0073EABA /* Assets.xcassets */ = {isa = PBXFileReference; lastKnownFileType = folder.assetcatalog; path = Assets.xcassets; sourceTree = "<group>"; };
		142379971E18A9DD0073EABA /* Base */ = {isa = PBXFileReference; lastKnownFileType = file.storyboard; name = Base; path = Base.lproj/LaunchScreen.storyboard; sourceTree = "<group>"; };
		142379991E18A9DD0073EABA /* Info.plist */ = {isa = PBXFileReference; lastKnownFileType = text.plist.xml; path = Info.plist; sourceTree = "<group>"; };
		14893C8E1E1D3AB3006001D3 /* MapboxViewController.swift */ = {isa = PBXFileReference; fileEncoding = 4; lastKnownFileType = sourcecode.swift; name = MapboxViewController.swift; path = Mapbox/MapboxViewController.swift; sourceTree = "<group>"; };
		14B589BE1E1FD34800A0EF38 /* MapboxDirections.swift */ = {isa = PBXFileReference; fileEncoding = 4; lastKnownFileType = sourcecode.swift; name = MapboxDirections.swift; path = Mapbox/MapboxDirections.swift; sourceTree = "<group>"; };
		36CC86D2BA027AC3101B4EC5 /* Pods-OSMX.release.xcconfig */ = {isa = PBXFileReference; includeInIndex = 1; lastKnownFileType = text.xcconfig; name = "Pods-OSMX.release.xcconfig"; path = "Pods/Target Support Files/Pods-OSMX/Pods-OSMX.release.xcconfig"; sourceTree = "<group>"; };
		4C2148841E1CC36700DCD68B /* MapKitViewController.swift */ = {isa = PBXFileReference; fileEncoding = 4; lastKnownFileType = sourcecode.swift; path = MapKitViewController.swift; sourceTree = "<group>"; };
		4C2148861E1CCE7C00DCD68B /* Constants.swift */ = {isa = PBXFileReference; fileEncoding = 4; lastKnownFileType = sourcecode.swift; path = Constants.swift; sourceTree = "<group>"; };
		F2BFD24FA90FFDB1B0D78054 /* Pods-OSMX.debug.xcconfig */ = {isa = PBXFileReference; includeInIndex = 1; lastKnownFileType = text.xcconfig; name = "Pods-OSMX.debug.xcconfig"; path = "Pods/Target Support Files/Pods-OSMX/Pods-OSMX.debug.xcconfig"; sourceTree = "<group>"; };
		FA630DCAF813C554B8FD57A2 /* Pods_OSMX.framework */ = {isa = PBXFileReference; explicitFileType = wrapper.framework; includeInIndex = 0; path = Pods_OSMX.framework; sourceTree = BUILT_PRODUCTS_DIR; };
/* End PBXFileReference section */

/* Begin PBXFrameworksBuildPhase section */
		142379851E18A9DD0073EABA /* Frameworks */ = {
			isa = PBXFrameworksBuildPhase;
			buildActionMask = 2147483647;
			files = (
				65FB831858B6A68910224AA4 /* Pods_OSMX.framework in Frameworks */,
			);
			runOnlyForDeploymentPostprocessing = 0;
		};
/* End PBXFrameworksBuildPhase section */

/* Begin PBXGroup section */
		1423797F1E18A9DD0073EABA = {
			isa = PBXGroup;
			children = (
				1423798A1E18A9DD0073EABA /* OSMX */,
				142379891E18A9DD0073EABA /* Products */,
				91E284722C7391CE3198FCE2 /* Pods */,
				F3F65E859E589ABC4EA8BB4B /* Frameworks */,
			);
			sourceTree = "<group>";
		};
		142379891E18A9DD0073EABA /* Products */ = {
			isa = PBXGroup;
			children = (
				142379881E18A9DD0073EABA /* OSMX.app */,
			);
			name = Products;
			sourceTree = "<group>";
		};
		1423798A1E18A9DD0073EABA /* OSMX */ = {
			isa = PBXGroup;
			children = (
				1423798B1E18A9DD0073EABA /* AppDelegate.swift */,
				4C2148861E1CCE7C00DCD68B /* Constants.swift */,
				142379911E18A9DD0073EABA /* Main.storyboard */,
				4C2148831E1CC35400DCD68B /* MapKit */,
				14893C8C1E1D3A9E006001D3 /* Mapbox */,
				142379941E18A9DD0073EABA /* Assets.xcassets */,
				142379961E18A9DD0073EABA /* LaunchScreen.storyboard */,
				142379991E18A9DD0073EABA /* Info.plist */,
			);
			path = OSMX;
			sourceTree = "<group>";
		};
		14893C8C1E1D3A9E006001D3 /* Mapbox */ = {
			isa = PBXGroup;
			children = (
				14B589BE1E1FD34800A0EF38 /* MapboxDirections.swift */,
				14893C8E1E1D3AB3006001D3 /* MapboxViewController.swift */,
			);
			name = Mapbox;
			sourceTree = "<group>";
		};
		4C2148831E1CC35400DCD68B /* MapKit */ = {
			isa = PBXGroup;
			children = (
				4C2148841E1CC36700DCD68B /* MapKitViewController.swift */,
			);
			path = MapKit;
			sourceTree = "<group>";
		};
		91E284722C7391CE3198FCE2 /* Pods */ = {
			isa = PBXGroup;
			children = (
				F2BFD24FA90FFDB1B0D78054 /* Pods-OSMX.debug.xcconfig */,
				36CC86D2BA027AC3101B4EC5 /* Pods-OSMX.release.xcconfig */,
			);
			name = Pods;
			sourceTree = "<group>";
		};
		F3F65E859E589ABC4EA8BB4B /* Frameworks */ = {
			isa = PBXGroup;
			children = (
				FA630DCAF813C554B8FD57A2 /* Pods_OSMX.framework */,
			);
			name = Frameworks;
			sourceTree = "<group>";
		};
/* End PBXGroup section */

/* Begin PBXNativeTarget section */
		142379871E18A9DD0073EABA /* OSMX */ = {
			isa = PBXNativeTarget;
			buildConfigurationList = 1423799C1E18A9DD0073EABA /* Build configuration list for PBXNativeTarget "OSMX" */;
			buildPhases = (
				1AFEEB711C527412EB1AE125 /* [CP] Check Pods Manifest.lock */,
				142379841E18A9DD0073EABA /* Sources */,
				142379851E18A9DD0073EABA /* Frameworks */,
				142379861E18A9DD0073EABA /* Resources */,
				973F5AAEF0E46A6E0BF488D6 /* [CP] Embed Pods Frameworks */,
				960DB6B18BAE3829BE105E5B /* [CP] Copy Pods Resources */,
				14D1AB121E20B32000400E9E /* ShellScript */,
			);
			buildRules = (
			);
			dependencies = (
			);
			name = OSMX;
			productName = OSMX;
			productReference = 142379881E18A9DD0073EABA /* OSMX.app */;
			productType = "com.apple.product-type.application";
		};
/* End PBXNativeTarget section */

/* Begin PBXProject section */
		142379801E18A9DD0073EABA /* Project object */ = {
			isa = PBXProject;
			attributes = {
				LastSwiftUpdateCheck = 0820;
				LastUpgradeCheck = 0820;
				ORGANIZATIONNAME = temoki;
				TargetAttributes = {
					142379871E18A9DD0073EABA = {
						CreatedOnToolsVersion = 8.2.1;
						DevelopmentTeam = 9926FMFE8C;
						ProvisioningStyle = Automatic;
					};
				};
			};
			buildConfigurationList = 142379831E18A9DD0073EABA /* Build configuration list for PBXProject "OSMX" */;
			compatibilityVersion = "Xcode 3.2";
			developmentRegion = English;
			hasScannedForEncodings = 0;
			knownRegions = (
				en,
				Base,
			);
			mainGroup = 1423797F1E18A9DD0073EABA;
			productRefGroup = 142379891E18A9DD0073EABA /* Products */;
			projectDirPath = "";
			projectRoot = "";
			targets = (
				142379871E18A9DD0073EABA /* OSMX */,
			);
		};
/* End PBXProject section */

/* Begin PBXResourcesBuildPhase section */
		142379861E18A9DD0073EABA /* Resources */ = {
			isa = PBXResourcesBuildPhase;
			buildActionMask = 2147483647;
			files = (
				142379981E18A9DD0073EABA /* LaunchScreen.storyboard in Resources */,
				142379951E18A9DD0073EABA /* Assets.xcassets in Resources */,
				142379931E18A9DD0073EABA /* Main.storyboard in Resources */,
			);
			runOnlyForDeploymentPostprocessing = 0;
		};
/* End PBXResourcesBuildPhase section */

/* Begin PBXShellScriptBuildPhase section */
		14D1AB121E20B32000400E9E /* ShellScript */ = {
			isa = PBXShellScriptBuildPhase;
			buildActionMask = 2147483647;
			files = (
			);
			inputPaths = (
			);
			outputPaths = (
			);
			runOnlyForDeploymentPostprocessing = 0;
			shellPath = /bin/sh;
			shellScript = "token_file=${PROJECT_DIR}/.mapbox\ntoken=\"$(cat $token_file)\"\nif [ \"$token\" ]; then\n  plutil -replace MGLMapboxAccessToken -string $token \"$TARGET_BUILD_DIR/$INFOPLIST_PATH\"\nelse\n  echo 'error: Missing Mapbox access token'\n  open 'https://www.mapbox.com/studio/account/tokens/'\n  echo \"error: Get an access token from <https://www.mapbox.com/studio/account/tokens/>, then create a new file at $token_file that contains the access token.\"\n  exit 1\nfi";
		};
		1AFEEB711C527412EB1AE125 /* [CP] Check Pods Manifest.lock */ = {
			isa = PBXShellScriptBuildPhase;
			buildActionMask = 2147483647;
			files = (
			);
			inputPaths = (
			);
			name = "[CP] Check Pods Manifest.lock";
			outputPaths = (
			);
			runOnlyForDeploymentPostprocessing = 0;
			shellPath = /bin/sh;
			shellScript = "diff \"${PODS_ROOT}/../Podfile.lock\" \"${PODS_ROOT}/Manifest.lock\" > /dev/null\nif [ $? != 0 ] ; then\n    # print error to STDERR\n    echo \"error: The sandbox is not in sync with the Podfile.lock. Run 'pod install' or update your CocoaPods installation.\" >&2\n    exit 1\nfi\n";
			showEnvVarsInLog = 0;
		};
		960DB6B18BAE3829BE105E5B /* [CP] Copy Pods Resources */ = {
			isa = PBXShellScriptBuildPhase;
			buildActionMask = 2147483647;
			files = (
			);
			inputPaths = (
			);
			name = "[CP] Copy Pods Resources";
			outputPaths = (
			);
			runOnlyForDeploymentPostprocessing = 0;
			shellPath = /bin/sh;
			shellScript = "\"${SRCROOT}/Pods/Target Support Files/Pods-OSMX/Pods-OSMX-resources.sh\"\n";
			showEnvVarsInLog = 0;
		};
		973F5AAEF0E46A6E0BF488D6 /* [CP] Embed Pods Frameworks */ = {
			isa = PBXShellScriptBuildPhase;
			buildActionMask = 2147483647;
			files = (
			);
			inputPaths = (
			);
			name = "[CP] Embed Pods Frameworks";
			outputPaths = (
			);
			runOnlyForDeploymentPostprocessing = 0;
			shellPath = /bin/sh;
			shellScript = "\"${SRCROOT}/Pods/Target Support Files/Pods-OSMX/Pods-OSMX-frameworks.sh\"\n";
			showEnvVarsInLog = 0;
		};
/* End PBXShellScriptBuildPhase section */

/* Begin PBXSourcesBuildPhase section */
		142379841E18A9DD0073EABA /* Sources */ = {
			isa = PBXSourcesBuildPhase;
			buildActionMask = 2147483647;
			files = (
				4C2148871E1CCE7C00DCD68B /* Constants.swift in Sources */,
				1423798C1E18A9DD0073EABA /* AppDelegate.swift in Sources */,
				14893C901E1D3AB3006001D3 /* MapboxViewController.swift in Sources */,
				4C2148851E1CC36700DCD68B /* MapKitViewController.swift in Sources */,
				14B589BF1E1FD34800A0EF38 /* MapboxDirections.swift in Sources */,
			);
			runOnlyForDeploymentPostprocessing = 0;
		};
/* End PBXSourcesBuildPhase section */

/* Begin PBXVariantGroup section */
		142379911E18A9DD0073EABA /* Main.storyboard */ = {
			isa = PBXVariantGroup;
			children = (
				142379921E18A9DD0073EABA /* Base */,
			);
			name = Main.storyboard;
			sourceTree = "<group>";
		};
		142379961E18A9DD0073EABA /* LaunchScreen.storyboard */ = {
			isa = PBXVariantGroup;
			children = (
				142379971E18A9DD0073EABA /* Base */,
			);
			name = LaunchScreen.storyboard;
			sourceTree = "<group>";
		};
/* End PBXVariantGroup section */

/* Begin XCBuildConfiguration section */
		1423799A1E18A9DD0073EABA /* Debug */ = {
			isa = XCBuildConfiguration;
			buildSettings = {
				ALWAYS_SEARCH_USER_PATHS = NO;
				CLANG_ANALYZER_NONNULL = YES;
				CLANG_CXX_LANGUAGE_STANDARD = "gnu++0x";
				CLANG_CXX_LIBRARY = "libc++";
				CLANG_ENABLE_MODULES = YES;
				CLANG_ENABLE_OBJC_ARC = YES;
				CLANG_WARN_BOOL_CONVERSION = YES;
				CLANG_WARN_CONSTANT_CONVERSION = YES;
				CLANG_WARN_DIRECT_OBJC_ISA_USAGE = YES_ERROR;
				CLANG_WARN_DOCUMENTATION_COMMENTS = YES;
				CLANG_WARN_EMPTY_BODY = YES;
				CLANG_WARN_ENUM_CONVERSION = YES;
				CLANG_WARN_INFINITE_RECURSION = YES;
				CLANG_WARN_INT_CONVERSION = YES;
				CLANG_WARN_OBJC_ROOT_CLASS = YES_ERROR;
				CLANG_WARN_SUSPICIOUS_MOVE = YES;
				CLANG_WARN_UNREACHABLE_CODE = YES;
				CLANG_WARN__DUPLICATE_METHOD_MATCH = YES;
				"CODE_SIGN_IDENTITY[sdk=iphoneos*]" = "iPhone Developer";
				COPY_PHASE_STRIP = NO;
				DEBUG_INFORMATION_FORMAT = dwarf;
				ENABLE_STRICT_OBJC_MSGSEND = YES;
				ENABLE_TESTABILITY = YES;
				GCC_C_LANGUAGE_STANDARD = gnu99;
				GCC_DYNAMIC_NO_PIC = NO;
				GCC_NO_COMMON_BLOCKS = YES;
				GCC_OPTIMIZATION_LEVEL = 0;
				GCC_PREPROCESSOR_DEFINITIONS = (
					"DEBUG=1",
					"$(inherited)",
				);
				GCC_WARN_64_TO_32_BIT_CONVERSION = YES;
				GCC_WARN_ABOUT_RETURN_TYPE = YES_ERROR;
				GCC_WARN_UNDECLARED_SELECTOR = YES;
				GCC_WARN_UNINITIALIZED_AUTOS = YES_AGGRESSIVE;
				GCC_WARN_UNUSED_FUNCTION = YES;
				GCC_WARN_UNUSED_VARIABLE = YES;
				IPHONEOS_DEPLOYMENT_TARGET = 10.2;
				MTL_ENABLE_DEBUG_INFO = YES;
				ONLY_ACTIVE_ARCH = YES;
				SDKROOT = iphoneos;
				SWIFT_ACTIVE_COMPILATION_CONDITIONS = DEBUG;
				SWIFT_OPTIMIZATION_LEVEL = "-Onone";
			};
			name = Debug;
		};
		1423799B1E18A9DD0073EABA /* Release */ = {
			isa = XCBuildConfiguration;
			buildSettings = {
				ALWAYS_SEARCH_USER_PATHS = NO;
				CLANG_ANALYZER_NONNULL = YES;
				CLANG_CXX_LANGUAGE_STANDARD = "gnu++0x";
				CLANG_CXX_LIBRARY = "libc++";
				CLANG_ENABLE_MODULES = YES;
				CLANG_ENABLE_OBJC_ARC = YES;
				CLANG_WARN_BOOL_CONVERSION = YES;
				CLANG_WARN_CONSTANT_CONVERSION = YES;
				CLANG_WARN_DIRECT_OBJC_ISA_USAGE = YES_ERROR;
				CLANG_WARN_DOCUMENTATION_COMMENTS = YES;
				CLANG_WARN_EMPTY_BODY = YES;
				CLANG_WARN_ENUM_CONVERSION = YES;
				CLANG_WARN_INFINITE_RECURSION = YES;
				CLANG_WARN_INT_CONVERSION = YES;
				CLANG_WARN_OBJC_ROOT_CLASS = YES_ERROR;
				CLANG_WARN_SUSPICIOUS_MOVE = YES;
				CLANG_WARN_UNREACHABLE_CODE = YES;
				CLANG_WARN__DUPLICATE_METHOD_MATCH = YES;
				"CODE_SIGN_IDENTITY[sdk=iphoneos*]" = "iPhone Developer";
				COPY_PHASE_STRIP = NO;
				DEBUG_INFORMATION_FORMAT = "dwarf-with-dsym";
				ENABLE_NS_ASSERTIONS = NO;
				ENABLE_STRICT_OBJC_MSGSEND = YES;
				GCC_C_LANGUAGE_STANDARD = gnu99;
				GCC_NO_COMMON_BLOCKS = YES;
				GCC_WARN_64_TO_32_BIT_CONVERSION = YES;
				GCC_WARN_ABOUT_RETURN_TYPE = YES_ERROR;
				GCC_WARN_UNDECLARED_SELECTOR = YES;
				GCC_WARN_UNINITIALIZED_AUTOS = YES_AGGRESSIVE;
				GCC_WARN_UNUSED_FUNCTION = YES;
				GCC_WARN_UNUSED_VARIABLE = YES;
				IPHONEOS_DEPLOYMENT_TARGET = 10.2;
				MTL_ENABLE_DEBUG_INFO = NO;
				SDKROOT = iphoneos;
				SWIFT_OPTIMIZATION_LEVEL = "-Owholemodule";
				VALIDATE_PRODUCT = YES;
			};
			name = Release;
		};
		1423799D1E18A9DD0073EABA /* Debug */ = {
			isa = XCBuildConfiguration;
			baseConfigurationReference = F2BFD24FA90FFDB1B0D78054 /* Pods-OSMX.debug.xcconfig */;
			buildSettings = {
				ALWAYS_EMBED_SWIFT_STANDARD_LIBRARIES = "$(inherited)";
				ASSETCATALOG_COMPILER_APPICON_NAME = AppIcon;
				DEVELOPMENT_TEAM = 9926FMFE8C;
				INFOPLIST_FILE = OSMX/Info.plist;
				IPHONEOS_DEPLOYMENT_TARGET = 8.0;
				LD_RUNPATH_SEARCH_PATHS = "$(inherited) @executable_path/Frameworks";
				PRODUCT_BUNDLE_IDENTIFIER = com.temoki.OSMX;
				PRODUCT_NAME = "$(TARGET_NAME)";
				SWIFT_VERSION = 3.0;
			};
			name = Debug;
		};
		1423799E1E18A9DD0073EABA /* Release */ = {
			isa = XCBuildConfiguration;
			baseConfigurationReference = 36CC86D2BA027AC3101B4EC5 /* Pods-OSMX.release.xcconfig */;
			buildSettings = {
				ALWAYS_EMBED_SWIFT_STANDARD_LIBRARIES = "$(inherited)";
				ASSETCATALOG_COMPILER_APPICON_NAME = AppIcon;
				DEVELOPMENT_TEAM = 9926FMFE8C;
				INFOPLIST_FILE = OSMX/Info.plist;
				IPHONEOS_DEPLOYMENT_TARGET = 8.0;
				LD_RUNPATH_SEARCH_PATHS = "$(inherited) @executable_path/Frameworks";
				PRODUCT_BUNDLE_IDENTIFIER = com.temoki.OSMX;
				PRODUCT_NAME = "$(TARGET_NAME)";
				SWIFT_VERSION = 3.0;
			};
			name = Release;
		};
/* End XCBuildConfiguration section */

/* Begin XCConfigurationList section */
		142379831E18A9DD0073EABA /* Build configuration list for PBXProject "OSMX" */ = {
			isa = XCConfigurationList;
			buildConfigurations = (
				1423799A1E18A9DD0073EABA /* Debug */,
				1423799B1E18A9DD0073EABA /* Release */,
			);
			defaultConfigurationIsVisible = 0;
			defaultConfigurationName = Release;
		};
		1423799C1E18A9DD0073EABA /* Build configuration list for PBXNativeTarget "OSMX" */ = {
			isa = XCConfigurationList;
			buildConfigurations = (
				1423799D1E18A9DD0073EABA /* Debug */,
				1423799E1E18A9DD0073EABA /* Release */,
			);
			defaultConfigurationIsVisible = 0;
			defaultConfigurationName = Release;
		};
/* End XCConfigurationList section */
	};
	rootObject = 142379801E18A9DD0073EABA /* Project object */;
}
